
Microsoft Visual Studio Solution File, Format Version 12.00
# Visual Studio Version 17
VisualStudioVersion = 17.4.33103.184
MinimumVisualStudioVersion = 10.0.40219.1
Project("{9A19103F-16F7-4668-BE54-9A1E7A4F7556}") = "Entities", "Entities\Entities.csproj", "{8BDC4187-991A-42D8-9A52-04145F5E4610}"
EndProject
Project("{9A19103F-16F7-4668-BE54-9A1E7A4F7556}") = "DataAccess", "DataAccess\DataAccess.csproj", "{0D1DFAC9-CF5C-4C49-8451-910B3D006506}"
EndProject
Project("{9A19103F-16F7-4668-BE54-9A1E7A4F7556}") = "Business", "Business\Business.csproj", "{AAAE50C7-B115-420C-AC61-689A691B6B02}"
EndProject
Project("{9A19103F-16F7-4668-BE54-9A1E7A4F7556}") = "ConsoleUI", "ConsoleUI\ConsoleUI.csproj", "{D6C76943-6B04-47A5-BC28-182D07234214}"
EndProject
Project("{9A19103F-16F7-4668-BE54-9A1E7A4F7556}") = "Core", "Core\Core.csproj", "{323689C9-EA1A-4E48-AF7E-B013F6E45DCA}"
EndProject
Project("{FAE04EC0-301F-11D3-BF4B-00C04F79EFBC}") = "WebAPI", "WebAPI\WebAPI.csproj", "{BF2FA10F-30E3-42F6-8280-3413DD0B16F9}"
EndProject
Global
	GlobalSection(SolutionConfigurationPlatforms) = preSolution
		Debug|Any CPU = Debug|Any CPU
		Release|Any CPU = Release|Any CPU
	EndGlobalSection
	GlobalSection(ProjectConfigurationPlatforms) = postSolution
		{8BDC4187-991A-42D8-9A52-04145F5E4610}.Debug|Any CPU.ActiveCfg = Debug|Any CPU
		{8BDC4187-991A-42D8-9A52-04145F5E4610}.Debug|Any CPU.Build.0 = Debug|Any CPU
		{8BDC4187-991A-42D8-9A52-04145F5E4610}.Release|Any CPU.ActiveCfg = Release|Any CPU
		{8BDC4187-991A-42D8-9A52-04145F5E4610}.Release|Any CPU.Build.0 = Release|Any CPU
		{0D1DFAC9-CF5C-4C49-8451-910B3D006506}.Debug|Any CPU.ActiveCfg = Debug|Any CPU
		{0D1DFAC9-CF5C-4C49-8451-910B3D006506}.Debug|Any CPU.Build.0 = Debug|Any CPU
		{0D1DFAC9-CF5C-4C49-8451-910B3D006506}.Release|Any CPU.ActiveCfg = Release|Any CPU
		{0D1DFAC9-CF5C-4C49-8451-910B3D006506}.Release|Any CPU.Build.0 = Release|Any CPU
		{AAAE50C7-B115-420C-AC61-689A691B6B02}.Debug|Any CPU.ActiveCfg = Debug|Any CPU
		{AAAE50C7-B115-420C-AC61-689A691B6B02}.Debug|Any CPU.Build.0 = Debug|Any CPU
		{AAAE50C7-B115-420C-AC61-689A691B6B02}.Release|Any CPU.ActiveCfg = Release|Any CPU
		{AAAE50C7-B115-420C-AC61-689A691B6B02}.Release|Any CPU.Build.0 = Release|Any CPU
		{D6C76943-6B04-47A5-BC28-182D07234214}.Debug|Any CPU.ActiveCfg = Debug|Any CPU
		{D6C76943-6B04-47A5-BC28-182D07234214}.Debug|Any CPU.Build.0 = Debug|Any CPU
		{D6C76943-6B04-47A5-BC28-182D07234214}.Release|Any CPU.ActiveCfg = Release|Any CPU
		{D6C76943-6B04-47A5-BC28-182D07234214}.Release|Any CPU.Build.0 = Release|Any CPU
		{323689C9-EA1A-4E48-AF7E-B013F6E45DCA}.Debug|Any CPU.ActiveCfg = Debug|Any CPU
		{323689C9-EA1A-4E48-AF7E-B013F6E45DCA}.Debug|Any CPU.Build.0 = Debug|Any CPU
		{323689C9-EA1A-4E48-AF7E-B013F6E45DCA}.Release|Any CPU.ActiveCfg = Release|Any CPU
		{323689C9-EA1A-4E48-AF7E-B013F6E45DCA}.Release|Any CPU.Build.0 = Release|Any CPU
		{BF2FA10F-30E3-42F6-8280-3413DD0B16F9}.Debug|Any CPU.ActiveCfg = Debug|Any CPU
		{BF2FA10F-30E3-42F6-8280-3413DD0B16F9}.Debug|Any CPU.Build.0 = Debug|Any CPU
		{BF2FA10F-30E3-42F6-8280-3413DD0B16F9}.Release|Any CPU.ActiveCfg = Release|Any CPU
		{BF2FA10F-30E3-42F6-8280-3413DD0B16F9}.Release|Any CPU.Build.0 = Release|Any CPU
	EndGlobalSection
	GlobalSection(SolutionProperties) = preSolution
		HideSolutionNode = FALSE
	EndGlobalSection
	GlobalSection(ExtensibilityGlobals) = postSolution
		SolutionGuid = {91DCBD86-1BB8-45A5-9BB1-8DE96813462B}
	EndGlobalSection
EndGlobal
